// !$*UTF8*$!
{
	archiveVersion = 1;
	classes = {
	};
	objectVersion = 48;
	objects = {

/* Begin PBXBuildFile section */
		1207DB641FF59B240099DC8F /* OptionsViewController.swift in Sources */ = {isa = PBXBuildFile; fileRef = 1207DB631FF59B240099DC8F /* OptionsViewController.swift */; };
		1207DB661FF6B72F0099DC8F /* GoogleService-Info.plist in Resources */ = {isa = PBXBuildFile; fileRef = 1207DB651FF6B72F0099DC8F /* GoogleService-Info.plist */; };
		1207DB6A1FF718650099DC8F /* OptionCell.swift in Sources */ = {isa = PBXBuildFile; fileRef = 1207DB691FF718650099DC8F /* OptionCell.swift */; };
		1207DB6E1FF730DB0099DC8F /* StatisticsViewController.swift in Sources */ = {isa = PBXBuildFile; fileRef = 1207DB6D1FF730DB0099DC8F /* StatisticsViewController.swift */; };
		1207DB701FF7CB550099DC8F /* CalendarTableViewController.swift in Sources */ = {isa = PBXBuildFile; fileRef = 1207DB6F1FF7CB550099DC8F /* CalendarTableViewController.swift */; };
		1207DB721FF7DBD00099DC8F /* CalendarItem.swift in Sources */ = {isa = PBXBuildFile; fileRef = 1207DB711FF7DBD00099DC8F /* CalendarItem.swift */; };
		1207DB741FF7F8EA0099DC8F /* CalendarCell.swift in Sources */ = {isa = PBXBuildFile; fileRef = 1207DB731FF7F8EA0099DC8F /* CalendarCell.swift */; };
		1207DB761FF813C40099DC8F /* AddDataTableViewController.swift in Sources */ = {isa = PBXBuildFile; fileRef = 1207DB751FF813C40099DC8F /* AddDataTableViewController.swift */; };
		1240FDC71FF15A8400986612 /* AppDelegate.swift in Sources */ = {isa = PBXBuildFile; fileRef = 1240FDC61FF15A8400986612 /* AppDelegate.swift */; };
		1240FDC91FF15A8400986612 /* LoginController.swift in Sources */ = {isa = PBXBuildFile; fileRef = 1240FDC81FF15A8400986612 /* LoginController.swift */; };
		1240FDCC1FF15A8400986612 /* Main.storyboard in Resources */ = {isa = PBXBuildFile; fileRef = 1240FDCA1FF15A8400986612 /* Main.storyboard */; };
		1240FDCE1FF15A8400986612 /* Assets.xcassets in Resources */ = {isa = PBXBuildFile; fileRef = 1240FDCD1FF15A8400986612 /* Assets.xcassets */; };
		1240FDD11FF15A8400986612 /* LaunchScreen.storyboard in Resources */ = {isa = PBXBuildFile; fileRef = 1240FDCF1FF15A8400986612 /* LaunchScreen.storyboard */; };
		12A05FC41FF84F2A00DA9207 /* DataEntry.swift in Sources */ = {isa = PBXBuildFile; fileRef = 12A05FC31FF84F2A00DA9207 /* DataEntry.swift */; };
		B312BB3F6AF29CBEADE0B458 /* Pods_swift_app.framework in Frameworks */ = {isa = PBXBuildFile; fileRef = C30912646C2DD83DA607952B /* Pods_swift_app.framework */; };
/* End PBXBuildFile section */

/* Begin PBXFileReference section */
		1207DB631FF59B240099DC8F /* OptionsViewController.swift */ = {isa = PBXFileReference; lastKnownFileType = sourcecode.swift; path = OptionsViewController.swift; sourceTree = "<group>"; };
		1207DB651FF6B72F0099DC8F /* GoogleService-Info.plist */ = {isa = PBXFileReference; fileEncoding = 4; lastKnownFileType = text.plist.xml; path = "GoogleService-Info.plist"; sourceTree = "<group>"; };
		1207DB691FF718650099DC8F /* OptionCell.swift */ = {isa = PBXFileReference; lastKnownFileType = sourcecode.swift; path = OptionCell.swift; sourceTree = "<group>"; };
		1207DB6D1FF730DB0099DC8F /* StatisticsViewController.swift */ = {isa = PBXFileReference; lastKnownFileType = sourcecode.swift; path = StatisticsViewController.swift; sourceTree = "<group>"; };
		1207DB6F1FF7CB550099DC8F /* CalendarTableViewController.swift */ = {isa = PBXFileReference; lastKnownFileType = sourcecode.swift; path = CalendarTableViewController.swift; sourceTree = "<group>"; };
		1207DB711FF7DBD00099DC8F /* CalendarItem.swift */ = {isa = PBXFileReference; lastKnownFileType = sourcecode.swift; path = CalendarItem.swift; sourceTree = "<group>"; };
		1207DB731FF7F8EA0099DC8F /* CalendarCell.swift */ = {isa = PBXFileReference; lastKnownFileType = sourcecode.swift; path = CalendarCell.swift; sourceTree = "<group>"; };
		1207DB751FF813C40099DC8F /* AddDataTableViewController.swift */ = {isa = PBXFileReference; lastKnownFileType = sourcecode.swift; path = AddDataTableViewController.swift; sourceTree = "<group>"; };
		1240FDC31FF15A8400986612 /* swift-app.app */ = {isa = PBXFileReference; explicitFileType = wrapper.application; includeInIndex = 0; path = "swift-app.app"; sourceTree = BUILT_PRODUCTS_DIR; };
		1240FDC61FF15A8400986612 /* AppDelegate.swift */ = {isa = PBXFileReference; lastKnownFileType = sourcecode.swift; path = AppDelegate.swift; sourceTree = "<group>"; };
		1240FDC81FF15A8400986612 /* LoginController.swift */ = {isa = PBXFileReference; lastKnownFileType = sourcecode.swift; path = LoginController.swift; sourceTree = "<group>"; };
		1240FDCB1FF15A8400986612 /* Base */ = {isa = PBXFileReference; lastKnownFileType = file.storyboard; name = Base; path = Base.lproj/Main.storyboard; sourceTree = "<group>"; };
		1240FDCD1FF15A8400986612 /* Assets.xcassets */ = {isa = PBXFileReference; lastKnownFileType = folder.assetcatalog; path = Assets.xcassets; sourceTree = "<group>"; };
		1240FDD01FF15A8400986612 /* Base */ = {isa = PBXFileReference; lastKnownFileType = file.storyboard; name = Base; path = Base.lproj/LaunchScreen.storyboard; sourceTree = "<group>"; };
		1240FDD21FF15A8400986612 /* Info.plist */ = {isa = PBXFileReference; lastKnownFileType = text.plist.xml; path = Info.plist; sourceTree = "<group>"; };
		12A05FC31FF84F2A00DA9207 /* DataEntry.swift */ = {isa = PBXFileReference; lastKnownFileType = sourcecode.swift; path = DataEntry.swift; sourceTree = "<group>"; };
		8EA81E5C5B980EC3C026F0E4 /* Pods-swift-app.release.xcconfig */ = {isa = PBXFileReference; includeInIndex = 1; lastKnownFileType = text.xcconfig; name = "Pods-swift-app.release.xcconfig"; path = "Pods/Target Support Files/Pods-swift-app/Pods-swift-app.release.xcconfig"; sourceTree = "<group>"; };
		B076E7A56F73C808095F6751 /* Pods-swift-app.debug.xcconfig */ = {isa = PBXFileReference; includeInIndex = 1; lastKnownFileType = text.xcconfig; name = "Pods-swift-app.debug.xcconfig"; path = "Pods/Target Support Files/Pods-swift-app/Pods-swift-app.debug.xcconfig"; sourceTree = "<group>"; };
		C30912646C2DD83DA607952B /* Pods_swift_app.framework */ = {isa = PBXFileReference; explicitFileType = wrapper.framework; includeInIndex = 0; path = Pods_swift_app.framework; sourceTree = BUILT_PRODUCTS_DIR; };
/* End PBXFileReference section */

/* Begin PBXFrameworksBuildPhase section */
		1240FDC01FF15A8400986612 /* Frameworks */ = {
			isa = PBXFrameworksBuildPhase;
			buildActionMask = 2147483647;
			files = (
				B312BB3F6AF29CBEADE0B458 /* Pods_swift_app.framework in Frameworks */,
			);
			runOnlyForDeploymentPostprocessing = 0;
		};
/* End PBXFrameworksBuildPhase section */

/* Begin PBXGroup section */
		1207DB601FF568B20099DC8F /* ViewControllers */ = {
			isa = PBXGroup;
			children = (
				1207DB671FF716930099DC8F /* customComponents */,
				1240FDC81FF15A8400986612 /* LoginController.swift */,
				1207DB631FF59B240099DC8F /* OptionsViewController.swift */,
				1207DB6D1FF730DB0099DC8F /* StatisticsViewController.swift */,
				1207DB6F1FF7CB550099DC8F /* CalendarTableViewController.swift */,
				1207DB751FF813C40099DC8F /* AddDataTableViewController.swift */,
			);
			path = ViewControllers;
			sourceTree = "<group>";
		};
		1207DB671FF716930099DC8F /* customComponents */ = {
			isa = PBXGroup;
			children = (
				1207DB691FF718650099DC8F /* OptionCell.swift */,
				1207DB731FF7F8EA0099DC8F /* CalendarCell.swift */,
			);
			path = customComponents;
			sourceTree = "<group>";
		};
		1207DB681FF716B00099DC8F /* Models */ = {
			isa = PBXGroup;
			children = (
				1207DB711FF7DBD00099DC8F /* CalendarItem.swift */,
				12A05FC31FF84F2A00DA9207 /* DataEntry.swift */,
			);
			path = Models;
			sourceTree = "<group>";
		};
		1240FDBA1FF15A8400986612 = {
			isa = PBXGroup;
			children = (
				1240FDC51FF15A8400986612 /* swift-app */,
				1240FDC41FF15A8400986612 /* Products */,
				F588F1D8CD95CA79DEED9BD9 /* Pods */,
				9752A71CE9CCB91AAFD56566 /* Frameworks */,
			);
			sourceTree = "<group>";
		};
		1240FDC41FF15A8400986612 /* Products */ = {
			isa = PBXGroup;
			children = (
				1240FDC31FF15A8400986612 /* swift-app.app */,
			);
			name = Products;
			sourceTree = "<group>";
		};
		1240FDC51FF15A8400986612 /* swift-app */ = {
			isa = PBXGroup;
			children = (
				1207DB681FF716B00099DC8F /* Models */,
				1207DB651FF6B72F0099DC8F /* GoogleService-Info.plist */,
				1207DB601FF568B20099DC8F /* ViewControllers */,
				1240FDC61FF15A8400986612 /* AppDelegate.swift */,
				1240FDCA1FF15A8400986612 /* Main.storyboard */,
				1240FDCD1FF15A8400986612 /* Assets.xcassets */,
				1240FDCF1FF15A8400986612 /* LaunchScreen.storyboard */,
				1240FDD21FF15A8400986612 /* Info.plist */,
			);
			path = "swift-app";
			sourceTree = "<group>";
		};
		9752A71CE9CCB91AAFD56566 /* Frameworks */ = {
			isa = PBXGroup;
			children = (
				C30912646C2DD83DA607952B /* Pods_swift_app.framework */,
			);
			name = Frameworks;
			sourceTree = "<group>";
		};
		F588F1D8CD95CA79DEED9BD9 /* Pods */ = {
			isa = PBXGroup;
			children = (
				B076E7A56F73C808095F6751 /* Pods-swift-app.debug.xcconfig */,
				8EA81E5C5B980EC3C026F0E4 /* Pods-swift-app.release.xcconfig */,
			);
			name = Pods;
			sourceTree = "<group>";
		};
/* End PBXGroup section */

/* Begin PBXNativeTarget section */
		1240FDC21FF15A8400986612 /* swift-app */ = {
			isa = PBXNativeTarget;
			buildConfigurationList = 1240FDD51FF15A8400986612 /* Build configuration list for PBXNativeTarget "swift-app" */;
			buildPhases = (
				14626E55B2C13A6EE6DBA4F3 /* [CP] Check Pods Manifest.lock */,
				1240FDBF1FF15A8400986612 /* Sources */,
				1240FDC01FF15A8400986612 /* Frameworks */,
				1240FDC11FF15A8400986612 /* Resources */,
				5DC88D30B262AD9D7C3DFCF3 /* [CP] Embed Pods Frameworks */,
				D60C284B3DC5A8CA607D958A /* [CP] Copy Pods Resources */,
			);
			buildRules = (
			);
			dependencies = (
			);
			name = "swift-app";
			productName = "swift-app";
			productReference = 1240FDC31FF15A8400986612 /* swift-app.app */;
			productType = "com.apple.product-type.application";
		};
/* End PBXNativeTarget section */

/* Begin PBXProject section */
		1240FDBB1FF15A8400986612 /* Project object */ = {
			isa = PBXProject;
			attributes = {
				LastSwiftUpdateCheck = 0920;
				LastUpgradeCheck = 0920;
				ORGANIZATIONNAME = "Hendrik Van Heuverswyn";
				TargetAttributes = {
					1240FDC21FF15A8400986612 = {
						CreatedOnToolsVersion = 9.2;
						ProvisioningStyle = Automatic;
					};
				};
			};
			buildConfigurationList = 1240FDBE1FF15A8400986612 /* Build configuration list for PBXProject "swift-app" */;
			compatibilityVersion = "Xcode 8.0";
			developmentRegion = en;
			hasScannedForEncodings = 0;
			knownRegions = (
				en,
				Base,
			);
			mainGroup = 1240FDBA1FF15A8400986612;
			productRefGroup = 1240FDC41FF15A8400986612 /* Products */;
			projectDirPath = "";
			projectRoot = "";
			targets = (
				1240FDC21FF15A8400986612 /* swift-app */,
			);
		};
/* End PBXProject section */

/* Begin PBXResourcesBuildPhase section */
		1240FDC11FF15A8400986612 /* Resources */ = {
			isa = PBXResourcesBuildPhase;
			buildActionMask = 2147483647;
			files = (
				1240FDD11FF15A8400986612 /* LaunchScreen.storyboard in Resources */,
				1207DB661FF6B72F0099DC8F /* GoogleService-Info.plist in Resources */,
				1240FDCE1FF15A8400986612 /* Assets.xcassets in Resources */,
				1240FDCC1FF15A8400986612 /* Main.storyboard in Resources */,
			);
			runOnlyForDeploymentPostprocessing = 0;
		};
/* End PBXResourcesBuildPhase section */

/* Begin PBXShellScriptBuildPhase section */
		14626E55B2C13A6EE6DBA4F3 /* [CP] Check Pods Manifest.lock */ = {
			isa = PBXShellScriptBuildPhase;
			buildActionMask = 2147483647;
			files = (
			);
			inputPaths = (
				"${PODS_PODFILE_DIR_PATH}/Podfile.lock",
				"${PODS_ROOT}/Manifest.lock",
			);
			name = "[CP] Check Pods Manifest.lock";
			outputPaths = (
				"$(DERIVED_FILE_DIR)/Pods-swift-app-checkManifestLockResult.txt",
			);
			runOnlyForDeploymentPostprocessing = 0;
			shellPath = /bin/sh;
			shellScript = "diff \"${PODS_PODFILE_DIR_PATH}/Podfile.lock\" \"${PODS_ROOT}/Manifest.lock\" > /dev/null\nif [ $? != 0 ] ; then\n    # print error to STDERR\n    echo \"error: The sandbox is not in sync with the Podfile.lock. Run 'pod install' or update your CocoaPods installation.\" >&2\n    exit 1\nfi\n# This output is used by Xcode 'outputs' to avoid re-running this script phase.\necho \"SUCCESS\" > \"${SCRIPT_OUTPUT_FILE_0}\"\n";
			showEnvVarsInLog = 0;
		};
		5DC88D30B262AD9D7C3DFCF3 /* [CP] Embed Pods Frameworks */ = {
			isa = PBXShellScriptBuildPhase;
			buildActionMask = 2147483647;
			files = (
			);
			inputPaths = (
				"${SRCROOT}/Pods/Target Support Files/Pods-swift-app/Pods-swift-app-frameworks.sh",
				"${BUILT_PRODUCTS_DIR}/Charts/Charts.framework",
				"${BUILT_PRODUCTS_DIR}/GTMSessionFetcher/GTMSessionFetcher.framework",
				"${BUILT_PRODUCTS_DIR}/GoogleToolboxForMac/GoogleToolboxForMac.framework",
				"${BUILT_PRODUCTS_DIR}/leveldb-library/leveldb.framework",
				"${BUILT_PRODUCTS_DIR}/nanopb/nanopb.framework",
			);
			name = "[CP] Embed Pods Frameworks";
			outputPaths = (
				"${TARGET_BUILD_DIR}/${FRAMEWORKS_FOLDER_PATH}/Charts.framework",
				"${TARGET_BUILD_DIR}/${FRAMEWORKS_FOLDER_PATH}/GTMSessionFetcher.framework",
				"${TARGET_BUILD_DIR}/${FRAMEWORKS_FOLDER_PATH}/GoogleToolboxForMac.framework",
				"${TARGET_BUILD_DIR}/${FRAMEWORKS_FOLDER_PATH}/leveldb.framework",
				"${TARGET_BUILD_DIR}/${FRAMEWORKS_FOLDER_PATH}/nanopb.framework",
			);
			runOnlyForDeploymentPostprocessing = 0;
			shellPath = /bin/sh;
			shellScript = "\"${SRCROOT}/Pods/Target Support Files/Pods-swift-app/Pods-swift-app-frameworks.sh\"\n";
			showEnvVarsInLog = 0;
		};
		D60C284B3DC5A8CA607D958A /* [CP] Copy Pods Resources */ = {
			isa = PBXShellScriptBuildPhase;
			buildActionMask = 2147483647;
			files = (
			);
			inputPaths = (
			);
			name = "[CP] Copy Pods Resources";
			outputPaths = (
			);
			runOnlyForDeploymentPostprocessing = 0;
			shellPath = /bin/sh;
			shellScript = "\"${SRCROOT}/Pods/Target Support Files/Pods-swift-app/Pods-swift-app-resources.sh\"\n";
			showEnvVarsInLog = 0;
		};
/* End PBXShellScriptBuildPhase section */

/* Begin PBXSourcesBuildPhase section */
		1240FDBF1FF15A8400986612 /* Sources */ = {
			isa = PBXSourcesBuildPhase;
			buildActionMask = 2147483647;
			files = (
				1207DB6A1FF718650099DC8F /* OptionCell.swift in Sources */,
				1207DB6E1FF730DB0099DC8F /* StatisticsViewController.swift in Sources */,
				1207DB641FF59B240099DC8F /* OptionsViewController.swift in Sources */,
				1240FDC91FF15A8400986612 /* LoginController.swift in Sources */,
				1240FDC71FF15A8400986612 /* AppDelegate.swift in Sources */,
				1207DB721FF7DBD00099DC8F /* CalendarItem.swift in Sources */,
				12A05FC41FF84F2A00DA9207 /* DataEntry.swift in Sources */,
				1207DB761FF813C40099DC8F /* AddDataTableViewController.swift in Sources */,
				1207DB701FF7CB550099DC8F /* CalendarTableViewController.swift in Sources */,
				1207DB741FF7F8EA0099DC8F /* CalendarCell.swift in Sources */,
			);
			runOnlyForDeploymentPostprocessing = 0;
		};
/* End PBXSourcesBuildPhase section */

/* Begin PBXVariantGroup section */
		1240FDCA1FF15A8400986612 /* Main.storyboard */ = {
			isa = PBXVariantGroup;
			children = (
				1240FDCB1FF15A8400986612 /* Base */,
			);
			name = Main.storyboard;
			sourceTree = "<group>";
		};
		1240FDCF1FF15A8400986612 /* LaunchScreen.storyboard */ = {
			isa = PBXVariantGroup;
			children = (
				1240FDD01FF15A8400986612 /* Base */,
			);
			name = LaunchScreen.storyboard;
			sourceTree = "<group>";
		};
/* End PBXVariantGroup section */

/* Begin XCBuildConfiguration section */
		1240FDD31FF15A8400986612 /* Debug */ = {
			isa = XCBuildConfiguration;
			buildSettings = {
				ALWAYS_SEARCH_USER_PATHS = NO;
				CLANG_ANALYZER_NONNULL = YES;
				CLANG_ANALYZER_NUMBER_OBJECT_CONVERSION = YES_AGGRESSIVE;
				CLANG_CXX_LANGUAGE_STANDARD = "gnu++14";
				CLANG_CXX_LIBRARY = "libc++";
				CLANG_ENABLE_MODULES = YES;
				CLANG_ENABLE_OBJC_ARC = YES;
				CLANG_WARN_BLOCK_CAPTURE_AUTORELEASING = YES;
				CLANG_WARN_BOOL_CONVERSION = YES;
				CLANG_WARN_COMMA = YES;
				CLANG_WARN_CONSTANT_CONVERSION = YES;
				CLANG_WARN_DIRECT_OBJC_ISA_USAGE = YES_ERROR;
				CLANG_WARN_DOCUMENTATION_COMMENTS = YES;
				CLANG_WARN_EMPTY_BODY = YES;
				CLANG_WARN_ENUM_CONVERSION = YES;
				CLANG_WARN_INFINITE_RECURSION = YES;
				CLANG_WARN_INT_CONVERSION = YES;
				CLANG_WARN_NON_LITERAL_NULL_CONVERSION = YES;
				CLANG_WARN_OBJC_LITERAL_CONVERSION = YES;
				CLANG_WARN_OBJC_ROOT_CLASS = YES_ERROR;
				CLANG_WARN_RANGE_LOOP_ANALYSIS = YES;
				CLANG_WARN_STRICT_PROTOTYPES = YES;
				CLANG_WARN_SUSPICIOUS_MOVE = YES;
				CLANG_WARN_UNGUARDED_AVAILABILITY = YES_AGGRESSIVE;
				CLANG_WARN_UNREACHABLE_CODE = YES;
				CLANG_WARN__DUPLICATE_METHOD_MATCH = YES;
				CODE_SIGN_IDENTITY = "iPhone Developer";
				COPY_PHASE_STRIP = NO;
				DEBUG_INFORMATION_FORMAT = dwarf;
				ENABLE_STRICT_OBJC_MSGSEND = YES;
				ENABLE_TESTABILITY = YES;
				GCC_C_LANGUAGE_STANDARD = gnu11;
				GCC_DYNAMIC_NO_PIC = NO;
				GCC_NO_COMMON_BLOCKS = YES;
				GCC_OPTIMIZATION_LEVEL = 0;
				GCC_PREPROCESSOR_DEFINITIONS = (
					"DEBUG=1",
					"$(inherited)",
				);
				GCC_WARN_64_TO_32_BIT_CONVERSION = YES;
				GCC_WARN_ABOUT_RETURN_TYPE = YES_ERROR;
				GCC_WARN_UNDECLARED_SELECTOR = YES;
				GCC_WARN_UNINITIALIZED_AUTOS = YES_AGGRESSIVE;
				GCC_WARN_UNUSED_FUNCTION = YES;
				GCC_WARN_UNUSED_VARIABLE = YES;
				IPHONEOS_DEPLOYMENT_TARGET = 11.2;
				MTL_ENABLE_DEBUG_INFO = YES;
				ONLY_ACTIVE_ARCH = YES;
				SDKROOT = iphoneos;
				SWIFT_ACTIVE_COMPILATION_CONDITIONS = DEBUG;
				SWIFT_OPTIMIZATION_LEVEL = "-Onone";
			};
			name = Debug;
		};
		1240FDD41FF15A8400986612 /* Release */ = {
			isa = XCBuildConfiguration;
			buildSettings = {
				ALWAYS_SEARCH_USER_PATHS = NO;
				CLANG_ANALYZER_NONNULL = YES;
				CLANG_ANALYZER_NUMBER_OBJECT_CONVERSION = YES_AGGRESSIVE;
				CLANG_CXX_LANGUAGE_STANDARD = "gnu++14";
				CLANG_CXX_LIBRARY = "libc++";
				CLANG_ENABLE_MODULES = YES;
				CLANG_ENABLE_OBJC_ARC = YES;
				CLANG_WARN_BLOCK_CAPTURE_AUTORELEASING = YES;
				CLANG_WARN_BOOL_CONVERSION = YES;
				CLANG_WARN_COMMA = YES;
				CLANG_WARN_CONSTANT_CONVERSION = YES;
				CLANG_WARN_DIRECT_OBJC_ISA_USAGE = YES_ERROR;
				CLANG_WARN_DOCUMENTATION_COMMENTS = YES;
				CLANG_WARN_EMPTY_BODY = YES;
				CLANG_WARN_ENUM_CONVERSION = YES;
				CLANG_WARN_INFINITE_RECURSION = YES;
				CLANG_WARN_INT_CONVERSION = YES;
				CLANG_WARN_NON_LITERAL_NULL_CONVERSION = YES;
				CLANG_WARN_OBJC_LITERAL_CONVERSION = YES;
				CLANG_WARN_OBJC_ROOT_CLASS = YES_ERROR;
				CLANG_WARN_RANGE_LOOP_ANALYSIS = YES;
				CLANG_WARN_STRICT_PROTOTYPES = YES;
				CLANG_WARN_SUSPICIOUS_MOVE = YES;
				CLANG_WARN_UNGUARDED_AVAILABILITY = YES_AGGRESSIVE;
				CLANG_WARN_UNREACHABLE_CODE = YES;
				CLANG_WARN__DUPLICATE_METHOD_MATCH = YES;
				CODE_SIGN_IDENTITY = "iPhone Developer";
				COPY_PHASE_STRIP = NO;
				DEBUG_INFORMATION_FORMAT = "dwarf-with-dsym";
				ENABLE_NS_ASSERTIONS = NO;
				ENABLE_STRICT_OBJC_MSGSEND = YES;
				GCC_C_LANGUAGE_STANDARD = gnu11;
				GCC_NO_COMMON_BLOCKS = YES;
				GCC_WARN_64_TO_32_BIT_CONVERSION = YES;
				GCC_WARN_ABOUT_RETURN_TYPE = YES_ERROR;
				GCC_WARN_UNDECLARED_SELECTOR = YES;
				GCC_WARN_UNINITIALIZED_AUTOS = YES_AGGRESSIVE;
				GCC_WARN_UNUSED_FUNCTION = YES;
				GCC_WARN_UNUSED_VARIABLE = YES;
				IPHONEOS_DEPLOYMENT_TARGET = 11.2;
				MTL_ENABLE_DEBUG_INFO = NO;
				SDKROOT = iphoneos;
				SWIFT_OPTIMIZATION_LEVEL = "-Owholemodule";
				VALIDATE_PRODUCT = YES;
			};
			name = Release;
		};
		1240FDD61FF15A8400986612 /* Debug */ = {
			isa = XCBuildConfiguration;
			baseConfigurationReference = B076E7A56F73C808095F6751 /* Pods-swift-app.debug.xcconfig */;
			buildSettings = {
				ASSETCATALOG_COMPILER_APPICON_NAME = AppIcon;
				CODE_SIGN_STYLE = Automatic;
				INFOPLIST_FILE = "swift-app/Info.plist";
				LD_RUNPATH_SEARCH_PATHS = "$(inherited) @executable_path/Frameworks";
				PRODUCT_BUNDLE_IDENTIFIER = "be.hvh.swift-app";
				PRODUCT_NAME = "$(TARGET_NAME)";
				SWIFT_VERSION = 4.0;
				TARGETED_DEVICE_FAMILY = "1,2";
			};
			name = Debug;
		};
		1240FDD71FF15A8400986612 /* Release */ = {
			isa = XCBuildConfiguration;
			baseConfigurationReference = 8EA81E5C5B980EC3C026F0E4 /* Pods-swift-app.release.xcconfig */;
			buildSettings = {
				ASSETCATALOG_COMPILER_APPICON_NAME = AppIcon;
				CODE_SIGN_STYLE = Automatic;
				INFOPLIST_FILE = "swift-app/Info.plist";
				LD_RUNPATH_SEARCH_PATHS = "$(inherited) @executable_path/Frameworks";
				PRODUCT_BUNDLE_IDENTIFIER = "be.hvh.swift-app";
				PRODUCT_NAME = "$(TARGET_NAME)";
				SWIFT_VERSION = 4.0;
				TARGETED_DEVICE_FAMILY = "1,2";
			};
			name = Release;
		};
/* End XCBuildConfiguration section */

/* Begin XCConfigurationList section */
		1240FDBE1FF15A8400986612 /* Build configuration list for PBXProject "swift-app" */ = {
			isa = XCConfigurationList;
			buildConfigurations = (
				1240FDD31FF15A8400986612 /* Debug */,
				1240FDD41FF15A8400986612 /* Release */,
			);
			defaultConfigurationIsVisible = 0;
			defaultConfigurationName = Release;
		};
		1240FDD51FF15A8400986612 /* Build configuration list for PBXNativeTarget "swift-app" */ = {
			isa = XCConfigurationList;
			buildConfigurations = (
				1240FDD61FF15A8400986612 /* Debug */,
				1240FDD71FF15A8400986612 /* Release */,
			);
			defaultConfigurationIsVisible = 0;
			defaultConfigurationName = Release;
		};
/* End XCConfigurationList section */
	};
	rootObject = 1240FDBB1FF15A8400986612 /* Project object */;
}
